// !$*UTF8*$!
{
	archiveVersion = 1;
	classes = {
	};
	objectVersion = 77;
	objects = {

/* Begin PBXBuildFile section */
		D0A4C6962DED03B300DC5560 /* Launch.swift in Sources */ = {isa = PBXBuildFile; fileRef = D0A4C6952DED03B300DC5560 /* Launch.swift */; };
		D0A4C6A02DED044500DC5560 /* DataManager.swift .swift in Sources */ = {isa = PBXBuildFile; fileRef = D0A4C69F2DED044500DC5560 /* DataManager.swift .swift */; };
		D0A4C6A92DED046D00DC5560 /* Assets.xcassets in Resources */ = {isa = PBXBuildFile; fileRef = D0A4C6A22DED046D00DC5560 /* Assets.xcassets */; };
		D0A4C6AB2DED048900DC5560 /* LaunchListViewModel.swift in Sources */ = {isa = PBXBuildFile; fileRef = D0A4C6AA2DED048900DC5560 /* LaunchListViewModel.swift */; };
		D0A4C6B42DED04F500DC5560 /* LaunchListView.swift in Sources */ = {isa = PBXBuildFile; fileRef = D0A4C6B32DED04F500DC5560 /* LaunchListView.swift */; };
		D0A4C6B62DED050C00DC5560 /* LaunchDetailView.swift in Sources */ = {isa = PBXBuildFile; fileRef = D0A4C6B52DED050C00DC5560 /* LaunchDetailView.swift */; };
		D0A4C6BB2DED053C00DC5560 /* DateFormatter+Extensions.swift .swift in Sources */ = {isa = PBXBuildFile; fileRef = D0A4C6BA2DED053C00DC5560 /* DateFormatter+Extensions.swift .swift */; };
		D0A4C6C32DED3BF800DC5560 /* Alamofire in Frameworks */ = {isa = PBXBuildFile; productRef = D0A4C6C22DED3BF800DC5560 /* Alamofire */; };
		D0A4C6C72DED3F6200DC5560 /* LaunchEntity.swift in Sources */ = {isa = PBXBuildFile; fileRef = D0A4C6C62DED3F6200DC5560 /* LaunchEntity.swift */; };
		D0BA36912DEEB124005A1EC1 /* SafariView.swift in Sources */ = {isa = PBXBuildFile; fileRef = D0BA36902DEEB124005A1EC1 /* SafariView.swift */; };
		D0C7FC6F2DF0CB44002F3F7E /* APIService.swift in Sources */ = {isa = PBXBuildFile; fileRef = D0C7FC6E2DF0CB44002F3F7E /* APIService.swift */; };
		D0D790452DEFC4C900FC730C /* LoginView.swift in Sources */ = {isa = PBXBuildFile; fileRef = D0D790442DEFC4C900FC730C /* LoginView.swift */; };
		D0D790492DEFCBF700FC730C /* ForgotPasswordView.swift in Sources */ = {isa = PBXBuildFile; fileRef = D0D790482DEFCBF700FC730C /* ForgotPasswordView.swift */; };
		D0D7904B2DEFCC7E00FC730C /* SignUpView.swift in Sources */ = {isa = PBXBuildFile; fileRef = D0D7904A2DEFCC7E00FC730C /* SignUpView.swift */; };
		D0D7904E2DEFF5E700FC730C /* LoginViewModel.swift in Sources */ = {isa = PBXBuildFile; fileRef = D0D7904D2DEFF5E700FC730C /* LoginViewModel.swift */; };
		D0F8821D2DEFF7B0001F25F0 /* AppRoute.swift in Sources */ = {isa = PBXBuildFile; fileRef = D0F8821C2DEFF7B0001F25F0 /* AppRoute.swift */; };
		D0F8821F2DF00042001F25F0 /* AuthCoordinatorView.swift in Sources */ = {isa = PBXBuildFile; fileRef = D0F8821E2DF00042001F25F0 /* AuthCoordinatorView.swift */; };
		D0F882222DF00675001F25F0 /* FirebaseAuth in Frameworks */ = {isa = PBXBuildFile; productRef = D0F882212DF00675001F25F0 /* FirebaseAuth */; };
		D0F882242DF00675001F25F0 /* FirebaseCore in Frameworks */ = {isa = PBXBuildFile; productRef = D0F882232DF00675001F25F0 /* FirebaseCore */; };
		D0F882262DF00675001F25F0 /* FirebaseFirestore in Frameworks */ = {isa = PBXBuildFile; productRef = D0F882252DF00675001F25F0 /* FirebaseFirestore */; };
		D0F882282DF014B4001F25F0 /* GoogleService-Info.plist in Resources */ = {isa = PBXBuildFile; fileRef = D0F882272DF014B4001F25F0 /* GoogleService-Info.plist */; };
		D0F8822B2DF016E8001F25F0 /* User.swift in Sources */ = {isa = PBXBuildFile; fileRef = D0F8822A2DF016E8001F25F0 /* User.swift */; };
/* End PBXBuildFile section */

/* Begin PBXFileReference section */
		D05C2EBA2DECFAC20090FAD2 /* SpaceXLaunches.app */ = {isa = PBXFileReference; explicitFileType = wrapper.application; includeInIndex = 0; path = SpaceXLaunches.app; sourceTree = BUILT_PRODUCTS_DIR; };
		D0A4C6952DED03B300DC5560 /* Launch.swift */ = {isa = PBXFileReference; lastKnownFileType = sourcecode.swift; path = Launch.swift; sourceTree = "<group>"; };
		D0A4C69F2DED044500DC5560 /* DataManager.swift .swift */ = {isa = PBXFileReference; lastKnownFileType = sourcecode.swift; path = "DataManager.swift .swift"; sourceTree = "<group>"; };
		D0A4C6A22DED046D00DC5560 /* Assets.xcassets */ = {isa = PBXFileReference; lastKnownFileType = folder.assetcatalog; path = Assets.xcassets; sourceTree = "<group>"; };
		D0A4C6AA2DED048900DC5560 /* LaunchListViewModel.swift */ = {isa = PBXFileReference; lastKnownFileType = sourcecode.swift; path = LaunchListViewModel.swift; sourceTree = "<group>"; };
		D0A4C6B32DED04F500DC5560 /* LaunchListView.swift */ = {isa = PBXFileReference; lastKnownFileType = sourcecode.swift; path = LaunchListView.swift; sourceTree = "<group>"; };
		D0A4C6B52DED050C00DC5560 /* LaunchDetailView.swift */ = {isa = PBXFileReference; lastKnownFileType = sourcecode.swift; path = LaunchDetailView.swift; sourceTree = "<group>"; };
		D0A4C6BA2DED053C00DC5560 /* DateFormatter+Extensions.swift .swift */ = {isa = PBXFileReference; lastKnownFileType = sourcecode.swift; path = "DateFormatter+Extensions.swift .swift"; sourceTree = "<group>"; };
		D0A4C6C62DED3F6200DC5560 /* LaunchEntity.swift */ = {isa = PBXFileReference; lastKnownFileType = sourcecode.swift; path = LaunchEntity.swift; sourceTree = "<group>"; };
		D0BA36902DEEB124005A1EC1 /* SafariView.swift */ = {isa = PBXFileReference; lastKnownFileType = sourcecode.swift; path = SafariView.swift; sourceTree = "<group>"; };
		D0C7FC6E2DF0CB44002F3F7E /* APIService.swift */ = {isa = PBXFileReference; lastKnownFileType = sourcecode.swift; path = APIService.swift; sourceTree = "<group>"; };
		D0D790442DEFC4C900FC730C /* LoginView.swift */ = {isa = PBXFileReference; lastKnownFileType = sourcecode.swift; path = LoginView.swift; sourceTree = "<group>"; };
		D0D790482DEFCBF700FC730C /* ForgotPasswordView.swift */ = {isa = PBXFileReference; lastKnownFileType = sourcecode.swift; path = ForgotPasswordView.swift; sourceTree = "<group>"; };
		D0D7904A2DEFCC7E00FC730C /* SignUpView.swift */ = {isa = PBXFileReference; lastKnownFileType = sourcecode.swift; path = SignUpView.swift; sourceTree = "<group>"; };
		D0D7904D2DEFF5E700FC730C /* LoginViewModel.swift */ = {isa = PBXFileReference; lastKnownFileType = sourcecode.swift; path = LoginViewModel.swift; sourceTree = "<group>"; };
		D0F8821C2DEFF7B0001F25F0 /* AppRoute.swift */ = {isa = PBXFileReference; lastKnownFileType = sourcecode.swift; path = AppRoute.swift; sourceTree = "<group>"; };
		D0F8821E2DF00042001F25F0 /* AuthCoordinatorView.swift */ = {isa = PBXFileReference; lastKnownFileType = sourcecode.swift; path = AuthCoordinatorView.swift; sourceTree = "<group>"; };
		D0F882272DF014B4001F25F0 /* GoogleService-Info.plist */ = {isa = PBXFileReference; lastKnownFileType = text.plist.xml; path = "GoogleService-Info.plist"; sourceTree = "<group>"; };
		D0F8822A2DF016E8001F25F0 /* User.swift */ = {isa = PBXFileReference; lastKnownFileType = sourcecode.swift; path = User.swift; sourceTree = "<group>"; };
/* End PBXFileReference section */

/* Begin PBXFileSystemSynchronizedRootGroup section */
		D05C2EBC2DECFAC20090FAD2 /* SpaceXLaunches */ = {
			isa = PBXFileSystemSynchronizedRootGroup;
			path = SpaceXLaunches;
			sourceTree = "<group>";
		};
/* End PBXFileSystemSynchronizedRootGroup section */

/* Begin PBXFrameworksBuildPhase section */
		D05C2EB72DECFAC20090FAD2 /* Frameworks */ = {
			isa = PBXFrameworksBuildPhase;
			buildActionMask = 2147483647;
			files = (
				D0A4C6C32DED3BF800DC5560 /* Alamofire in Frameworks */,
				D0F882262DF00675001F25F0 /* FirebaseFirestore in Frameworks */,
				D0F882242DF00675001F25F0 /* FirebaseCore in Frameworks */,
				D0F882222DF00675001F25F0 /* FirebaseAuth in Frameworks */,
			);
			runOnlyForDeploymentPostprocessing = 0;
		};
/* End PBXFrameworksBuildPhase section */

/* Begin PBXGroup section */
		D05C2EB12DECFAC20090FAD2 = {
			isa = PBXGroup;
			children = (
				D0C07AC92DEFF71B001221D0 /* Cordinator */,
				D0D7904F2DEFF68D00FC730C /* Authentication */,
				D0A4C6C02DED057500DC5560 /* Resources */,
				D0A4C6B92DED052A00DC5560 /* Utils */,
				D0A4C6AE2DED04AD00DC5560 /* Views */,
				D0A4C6A12DED045C00DC5560 /* ViewModels */,
				D0A4C69C2DED041B00DC5560 /* Persistence */,
				D0A4C6972DED03D700DC5560 /* Services */,
				D05C2ECA2DED02990090FAD2 /* Models */,
				D05C2EBC2DECFAC20090FAD2 /* SpaceXLaunches */,
				D05C2EBB2DECFAC20090FAD2 /* Products */,
			);
			sourceTree = "<group>";
		};
		D05C2EBB2DECFAC20090FAD2 /* Products */ = {
			isa = PBXGroup;
			children = (
				D05C2EBA2DECFAC20090FAD2 /* SpaceXLaunches.app */,
			);
			name = Products;
			sourceTree = "<group>";
		};
		D05C2ECA2DED02990090FAD2 /* Models */ = {
			isa = PBXGroup;
			children = (
				D0A4C6952DED03B300DC5560 /* Launch.swift */,
				D0F8822A2DF016E8001F25F0 /* User.swift */,
			);
			path = Models;
			sourceTree = "<group>";
		};
		D0A4C6972DED03D700DC5560 /* Services */ = {
			isa = PBXGroup;
			children = (
				D0C7FC6E2DF0CB44002F3F7E /* APIService.swift */,
			);
			path = Services;
			sourceTree = "<group>";
		};
		D0A4C69C2DED041B00DC5560 /* Persistence */ = {
			isa = PBXGroup;
			children = (
				D0A4C69F2DED044500DC5560 /* DataManager.swift .swift */,
				D0A4C6C62DED3F6200DC5560 /* LaunchEntity.swift */,
			);
			path = Persistence;
			sourceTree = "<group>";
		};
		D0A4C6A12DED045C00DC5560 /* ViewModels */ = {
			isa = PBXGroup;
			children = (
				D0A4C6AA2DED048900DC5560 /* LaunchListViewModel.swift */,
			);
			path = ViewModels;
			sourceTree = "<group>";
		};
		D0A4C6AE2DED04AD00DC5560 /* Views */ = {
			isa = PBXGroup;
			children = (
				D0A4C6B32DED04F500DC5560 /* LaunchListView.swift */,
				D0A4C6B52DED050C00DC5560 /* LaunchDetailView.swift */,
				D0BA36902DEEB124005A1EC1 /* SafariView.swift */,
			);
			path = Views;
			sourceTree = "<group>";
		};
		D0A4C6B92DED052A00DC5560 /* Utils */ = {
			isa = PBXGroup;
			children = (
				D0A4C6BA2DED053C00DC5560 /* DateFormatter+Extensions.swift .swift */,
			);
			path = Utils;
			sourceTree = "<group>";
		};
		D0A4C6C02DED057500DC5560 /* Resources */ = {
			isa = PBXGroup;
			children = (
				D0A4C6A22DED046D00DC5560 /* Assets.xcassets */,
				D0F882272DF014B4001F25F0 /* GoogleService-Info.plist */,
			);
			path = Resources;
			sourceTree = "<group>";
		};
		D0C07AC92DEFF71B001221D0 /* Cordinator */ = {
			isa = PBXGroup;
			children = (
				D0F8821C2DEFF7B0001F25F0 /* AppRoute.swift */,
				D0F8821E2DF00042001F25F0 /* AuthCoordinatorView.swift */,
			);
			path = Cordinator;
			sourceTree = "<group>";
		};
		D0D7904F2DEFF68D00FC730C /* Authentication */ = {
			isa = PBXGroup;
			children = (
				D0D7904D2DEFF5E700FC730C /* LoginViewModel.swift */,
				D0D7904A2DEFCC7E00FC730C /* SignUpView.swift */,
				D0D790442DEFC4C900FC730C /* LoginView.swift */,
				D0D790482DEFCBF700FC730C /* ForgotPasswordView.swift */,
			);
			path = Authentication;
			sourceTree = "<group>";
		};
/* End PBXGroup section */

/* Begin PBXNativeTarget section */
		D05C2EB92DECFAC20090FAD2 /* SpaceXLaunches */ = {
			isa = PBXNativeTarget;
			buildConfigurationList = D05C2EC72DECFAC40090FAD2 /* Build configuration list for PBXNativeTarget "SpaceXLaunches" */;
			buildPhases = (
				D05C2EB62DECFAC20090FAD2 /* Sources */,
				D05C2EB72DECFAC20090FAD2 /* Frameworks */,
				D05C2EB82DECFAC20090FAD2 /* Resources */,
			);
			buildRules = (
			);
			dependencies = (
			);
			fileSystemSynchronizedGroups = (
				D05C2EBC2DECFAC20090FAD2 /* SpaceXLaunches */,
			);
			name = SpaceXLaunches;
			packageProductDependencies = (
				D0A4C6C22DED3BF800DC5560 /* Alamofire */,
				D0F882212DF00675001F25F0 /* FirebaseAuth */,
				D0F882232DF00675001F25F0 /* FirebaseCore */,
				D0F882252DF00675001F25F0 /* FirebaseFirestore */,
			);
			productName = SpaceXLaunches;
			productReference = D05C2EBA2DECFAC20090FAD2 /* SpaceXLaunches.app */;
			productType = "com.apple.product-type.application";
		};
/* End PBXNativeTarget section */

/* Begin PBXProject section */
		D05C2EB22DECFAC20090FAD2 /* Project object */ = {
			isa = PBXProject;
			attributes = {
				BuildIndependentTargetsInParallel = 1;
				LastSwiftUpdateCheck = 1640;
				LastUpgradeCheck = 1640;
				TargetAttributes = {
					D05C2EB92DECFAC20090FAD2 = {
						CreatedOnToolsVersion = 16.4;
					};
				};
			};
			buildConfigurationList = D05C2EB52DECFAC20090FAD2 /* Build configuration list for PBXProject "SpaceXLaunches" */;
			developmentRegion = en;
			hasScannedForEncodings = 0;
			knownRegions = (
				en,
				Base,
			);
			mainGroup = D05C2EB12DECFAC20090FAD2;
			minimizedProjectReferenceProxies = 1;
			packageReferences = (
				D0A4C6C12DED3BF800DC5560 /* XCRemoteSwiftPackageReference "Alamofire" */,
				D0F882202DF00675001F25F0 /* XCRemoteSwiftPackageReference "firebase-ios-sdk" */,
			);
			preferredProjectObjectVersion = 77;
			productRefGroup = D05C2EBB2DECFAC20090FAD2 /* Products */;
			projectDirPath = "";
			projectRoot = "";
			targets = (
				D05C2EB92DECFAC20090FAD2 /* SpaceXLaunches */,
			);
		};
/* End PBXProject section */

/* Begin PBXResourcesBuildPhase section */
		D05C2EB82DECFAC20090FAD2 /* Resources */ = {
			isa = PBXResourcesBuildPhase;
			buildActionMask = 2147483647;
			files = (
				D0A4C6A92DED046D00DC5560 /* Assets.xcassets in Resources */,
				D0F882282DF014B4001F25F0 /* GoogleService-Info.plist in Resources */,
			);
			runOnlyForDeploymentPostprocessing = 0;
		};
/* End PBXResourcesBuildPhase section */

/* Begin PBXSourcesBuildPhase section */
		D05C2EB62DECFAC20090FAD2 /* Sources */ = {
			isa = PBXSourcesBuildPhase;
			buildActionMask = 2147483647;
			files = (
				D0F8822B2DF016E8001F25F0 /* User.swift in Sources */,
				D0C7FC6F2DF0CB44002F3F7E /* APIService.swift in Sources */,
				D0D7904E2DEFF5E700FC730C /* LoginViewModel.swift in Sources */,
				D0A4C6C72DED3F6200DC5560 /* LaunchEntity.swift in Sources */,
				D0A4C6AB2DED048900DC5560 /* LaunchListViewModel.swift in Sources */,
				D0F8821F2DF00042001F25F0 /* AuthCoordinatorView.swift in Sources */,
				D0A4C6A02DED044500DC5560 /* DataManager.swift .swift in Sources */,
				D0BA36912DEEB124005A1EC1 /* SafariView.swift in Sources */,
				D0A4C6B42DED04F500DC5560 /* LaunchListView.swift in Sources */,
				D0D790492DEFCBF700FC730C /* ForgotPasswordView.swift in Sources */,
				D0A4C6B62DED050C00DC5560 /* LaunchDetailView.swift in Sources */,
				D0D7904B2DEFCC7E00FC730C /* SignUpView.swift in Sources */,
				D0A4C6962DED03B300DC5560 /* Launch.swift in Sources */,
				D0F8821D2DEFF7B0001F25F0 /* AppRoute.swift in Sources */,
				D0D790452DEFC4C900FC730C /* LoginView.swift in Sources */,
				D0A4C6BB2DED053C00DC5560 /* DateFormatter+Extensions.swift .swift in Sources */,
			);
			runOnlyForDeploymentPostprocessing = 0;
		};
/* End PBXSourcesBuildPhase section */

/* Begin XCBuildConfiguration section */
		D05C2EC52DECFAC40090FAD2 /* Debug */ = {
			isa = XCBuildConfiguration;
			buildSettings = {
				ALWAYS_SEARCH_USER_PATHS = NO;
				ASSETCATALOG_COMPILER_GENERATE_SWIFT_ASSET_SYMBOL_EXTENSIONS = YES;
				CLANG_ANALYZER_NONNULL = YES;
				CLANG_ANALYZER_NUMBER_OBJECT_CONVERSION = YES_AGGRESSIVE;
				CLANG_CXX_LANGUAGE_STANDARD = "gnu++20";
				CLANG_ENABLE_MODULES = YES;
				CLANG_ENABLE_OBJC_ARC = YES;
				CLANG_ENABLE_OBJC_WEAK = YES;
				CLANG_WARN_BLOCK_CAPTURE_AUTORELEASING = YES;
				CLANG_WARN_BOOL_CONVERSION = YES;
				CLANG_WARN_COMMA = YES;
				CLANG_WARN_CONSTANT_CONVERSION = YES;
				CLANG_WARN_DEPRECATED_OBJC_IMPLEMENTATIONS = YES;
				CLANG_WARN_DIRECT_OBJC_ISA_USAGE = YES_ERROR;
				CLANG_WARN_DOCUMENTATION_COMMENTS = YES;
				CLANG_WARN_EMPTY_BODY = YES;
				CLANG_WARN_ENUM_CONVERSION = YES;
				CLANG_WARN_INFINITE_RECURSION = YES;
				CLANG_WARN_INT_CONVERSION = YES;
				CLANG_WARN_NON_LITERAL_NULL_CONVERSION = YES;
				CLANG_WARN_OBJC_IMPLICIT_RETAIN_SELF = YES;
				CLANG_WARN_OBJC_LITERAL_CONVERSION = YES;
				CLANG_WARN_OBJC_ROOT_CLASS = YES_ERROR;
				CLANG_WARN_QUOTED_INCLUDE_IN_FRAMEWORK_HEADER = YES;
				CLANG_WARN_RANGE_LOOP_ANALYSIS = YES;
				CLANG_WARN_STRICT_PROTOTYPES = YES;
				CLANG_WARN_SUSPICIOUS_MOVE = YES;
				CLANG_WARN_UNGUARDED_AVAILABILITY = YES_AGGRESSIVE;
				CLANG_WARN_UNREACHABLE_CODE = YES;
				CLANG_WARN__DUPLICATE_METHOD_MATCH = YES;
				COPY_PHASE_STRIP = NO;
				DEBUG_INFORMATION_FORMAT = dwarf;
				DEVELOPMENT_TEAM = T7283TTLGQ;
				ENABLE_STRICT_OBJC_MSGSEND = YES;
				ENABLE_TESTABILITY = YES;
				ENABLE_USER_SCRIPT_SANDBOXING = YES;
				GCC_C_LANGUAGE_STANDARD = gnu17;
				GCC_DYNAMIC_NO_PIC = NO;
				GCC_NO_COMMON_BLOCKS = YES;
				GCC_OPTIMIZATION_LEVEL = 0;
				GCC_PREPROCESSOR_DEFINITIONS = (
					"DEBUG=1",
					"$(inherited)",
				);
				GCC_WARN_64_TO_32_BIT_CONVERSION = YES;
				GCC_WARN_ABOUT_RETURN_TYPE = YES_ERROR;
				GCC_WARN_UNDECLARED_SELECTOR = YES;
				GCC_WARN_UNINITIALIZED_AUTOS = YES_AGGRESSIVE;
				GCC_WARN_UNUSED_FUNCTION = YES;
				GCC_WARN_UNUSED_VARIABLE = YES;
				IPHONEOS_DEPLOYMENT_TARGET = 18.5;
				LOCALIZATION_PREFERS_STRING_CATALOGS = YES;
				MTL_ENABLE_DEBUG_INFO = INCLUDE_SOURCE;
				MTL_FAST_MATH = YES;
				ONLY_ACTIVE_ARCH = YES;
				SDKROOT = iphoneos;
				SWIFT_ACTIVE_COMPILATION_CONDITIONS = "DEBUG $(inherited)";
				SWIFT_OPTIMIZATION_LEVEL = "-Onone";
			};
			name = Debug;
		};
		D05C2EC62DECFAC40090FAD2 /* Release */ = {
			isa = XCBuildConfiguration;
			buildSettings = {
				ALWAYS_SEARCH_USER_PATHS = NO;
				ASSETCATALOG_COMPILER_GENERATE_SWIFT_ASSET_SYMBOL_EXTENSIONS = YES;
				CLANG_ANALYZER_NONNULL = YES;
				CLANG_ANALYZER_NUMBER_OBJECT_CONVERSION = YES_AGGRESSIVE;
				CLANG_CXX_LANGUAGE_STANDARD = "gnu++20";
				CLANG_ENABLE_MODULES = YES;
				CLANG_ENABLE_OBJC_ARC = YES;
				CLANG_ENABLE_OBJC_WEAK = YES;
				CLANG_WARN_BLOCK_CAPTURE_AUTORELEASING = YES;
				CLANG_WARN_BOOL_CONVERSION = YES;
				CLANG_WARN_COMMA = YES;
				CLANG_WARN_CONSTANT_CONVERSION = YES;
				CLANG_WARN_DEPRECATED_OBJC_IMPLEMENTATIONS = YES;
				CLANG_WARN_DIRECT_OBJC_ISA_USAGE = YES_ERROR;
				CLANG_WARN_DOCUMENTATION_COMMENTS = YES;
				CLANG_WARN_EMPTY_BODY = YES;
				CLANG_WARN_ENUM_CONVERSION = YES;
				CLANG_WARN_INFINITE_RECURSION = YES;
				CLANG_WARN_INT_CONVERSION = YES;
				CLANG_WARN_NON_LITERAL_NULL_CONVERSION = YES;
				CLANG_WARN_OBJC_IMPLICIT_RETAIN_SELF = YES;
				CLANG_WARN_OBJC_LITERAL_CONVERSION = YES;
				CLANG_WARN_OBJC_ROOT_CLASS = YES_ERROR;
				CLANG_WARN_QUOTED_INCLUDE_IN_FRAMEWORK_HEADER = YES;
				CLANG_WARN_RANGE_LOOP_ANALYSIS = YES;
				CLANG_WARN_STRICT_PROTOTYPES = YES;
				CLANG_WARN_SUSPICIOUS_MOVE = YES;
				CLANG_WARN_UNGUARDED_AVAILABILITY = YES_AGGRESSIVE;
				CLANG_WARN_UNREACHABLE_CODE = YES;
				CLANG_WARN__DUPLICATE_METHOD_MATCH = YES;
				COPY_PHASE_STRIP = NO;
				DEBUG_INFORMATION_FORMAT = "dwarf-with-dsym";
				DEVELOPMENT_TEAM = T7283TTLGQ;
				ENABLE_NS_ASSERTIONS = NO;
				ENABLE_STRICT_OBJC_MSGSEND = YES;
				ENABLE_USER_SCRIPT_SANDBOXING = YES;
				GCC_C_LANGUAGE_STANDARD = gnu17;
				GCC_NO_COMMON_BLOCKS = YES;
				GCC_WARN_64_TO_32_BIT_CONVERSION = YES;
				GCC_WARN_ABOUT_RETURN_TYPE = YES_ERROR;
				GCC_WARN_UNDECLARED_SELECTOR = YES;
				GCC_WARN_UNINITIALIZED_AUTOS = YES_AGGRESSIVE;
				GCC_WARN_UNUSED_FUNCTION = YES;
				GCC_WARN_UNUSED_VARIABLE = YES;
				IPHONEOS_DEPLOYMENT_TARGET = 18.5;
				LOCALIZATION_PREFERS_STRING_CATALOGS = YES;
				MTL_ENABLE_DEBUG_INFO = NO;
				MTL_FAST_MATH = YES;
				SDKROOT = iphoneos;
				SWIFT_COMPILATION_MODE = wholemodule;
				VALIDATE_PRODUCT = YES;
			};
			name = Release;
		};
		D05C2EC82DECFAC40090FAD2 /* Debug */ = {
			isa = XCBuildConfiguration;
			buildSettings = {
				ASSETCATALOG_COMPILER_APPICON_NAME = AppIcon;
				ASSETCATALOG_COMPILER_GLOBAL_ACCENT_COLOR_NAME = AccentColor;
				CODE_SIGN_STYLE = Automatic;
				CURRENT_PROJECT_VERSION = 1;
				DEVELOPMENT_TEAM = T7283TTLGQ;
				ENABLE_PREVIEWS = YES;
				GENERATE_INFOPLIST_FILE = YES;
				INFOPLIST_KEY_UIApplicationSceneManifest_Generation = YES;
				INFOPLIST_KEY_UIApplicationSupportsIndirectInputEvents = YES;
				INFOPLIST_KEY_UILaunchScreen_Generation = YES;
				INFOPLIST_KEY_UISupportedInterfaceOrientations_iPad = "UIInterfaceOrientationPortrait UIInterfaceOrientationPortraitUpsideDown UIInterfaceOrientationLandscapeLeft UIInterfaceOrientationLandscapeRight";
				INFOPLIST_KEY_UISupportedInterfaceOrientations_iPhone = "UIInterfaceOrientationPortrait UIInterfaceOrientationLandscapeLeft UIInterfaceOrientationLandscapeRight";
				LD_RUNPATH_SEARCH_PATHS = (
					"$(inherited)",
					"@executable_path/Frameworks",
				);
				MARKETING_VERSION = 1.0;
				PRODUCT_BUNDLE_IDENTIFIER = com.ricardoherrera.SapaceXLaunches;
				PRODUCT_NAME = "$(TARGET_NAME)";
				SWIFT_EMIT_LOC_STRINGS = YES;
				SWIFT_VERSION = 5.0;
				TARGETED_DEVICE_FAMILY = "1,2";
			};
			name = Debug;
		};
		D05C2EC92DECFAC40090FAD2 /* Release */ = {
			isa = XCBuildConfiguration;
			buildSettings = {
				ASSETCATALOG_COMPILER_APPICON_NAME = AppIcon;
				ASSETCATALOG_COMPILER_GLOBAL_ACCENT_COLOR_NAME = AccentColor;
				CODE_SIGN_STYLE = Automatic;
				CURRENT_PROJECT_VERSION = 1;
				DEVELOPMENT_TEAM = T7283TTLGQ;
				ENABLE_PREVIEWS = YES;
				GENERATE_INFOPLIST_FILE = YES;
				INFOPLIST_KEY_UIApplicationSceneManifest_Generation = YES;
				INFOPLIST_KEY_UIApplicationSupportsIndirectInputEvents = YES;
				INFOPLIST_KEY_UILaunchScreen_Generation = YES;
				INFOPLIST_KEY_UISupportedInterfaceOrientations_iPad = "UIInterfaceOrientationPortrait UIInterfaceOrientationPortraitUpsideDown UIInterfaceOrientationLandscapeLeft UIInterfaceOrientationLandscapeRight";
				INFOPLIST_KEY_UISupportedInterfaceOrientations_iPhone = "UIInterfaceOrientationPortrait UIInterfaceOrientationLandscapeLeft UIInterfaceOrientationLandscapeRight";
				LD_RUNPATH_SEARCH_PATHS = (
					"$(inherited)",
					"@executable_path/Frameworks",
				);
				MARKETING_VERSION = 1.0;
				PRODUCT_BUNDLE_IDENTIFIER = com.ricardoherrera.SapaceXLaunches;
				PRODUCT_NAME = "$(TARGET_NAME)";
				SWIFT_EMIT_LOC_STRINGS = YES;
				SWIFT_VERSION = 5.0;
				TARGETED_DEVICE_FAMILY = "1,2";
			};
			name = Release;
		};
/* End XCBuildConfiguration section */

/* Begin XCConfigurationList section */
		D05C2EB52DECFAC20090FAD2 /* Build configuration list for PBXProject "SpaceXLaunches" */ = {
			isa = XCConfigurationList;
			buildConfigurations = (
				D05C2EC52DECFAC40090FAD2 /* Debug */,
				D05C2EC62DECFAC40090FAD2 /* Release */,
			);
			defaultConfigurationIsVisible = 0;
			defaultConfigurationName = Release;
		};
		D05C2EC72DECFAC40090FAD2 /* Build configuration list for PBXNativeTarget "SpaceXLaunches" */ = {
			isa = XCConfigurationList;
			buildConfigurations = (
				D05C2EC82DECFAC40090FAD2 /* Debug */,
				D05C2EC92DECFAC40090FAD2 /* Release */,
			);
			defaultConfigurationIsVisible = 0;
			defaultConfigurationName = Release;
		};
/* End XCConfigurationList section */

/* Begin XCRemoteSwiftPackageReference section */
		D0A4C6C12DED3BF800DC5560 /* XCRemoteSwiftPackageReference "Alamofire" */ = {
			isa = XCRemoteSwiftPackageReference;
			repositoryURL = "https://github.com/Alamofire/Alamofire.git";
			requirement = {
				kind = upToNextMajorVersion;
				minimumVersion = 5.10.2;
			};
		};
		D0F882202DF00675001F25F0 /* XCRemoteSwiftPackageReference "firebase-ios-sdk" */ = {
			isa = XCRemoteSwiftPackageReference;
			repositoryURL = "https://github.com/firebase/firebase-ios-sdk";
			requirement = {
				kind = upToNextMajorVersion;
				minimumVersion = 11.14.0;
			};
		};
/* End XCRemoteSwiftPackageReference section */

/* Begin XCSwiftPackageProductDependency section */
		D0A4C6C22DED3BF800DC5560 /* Alamofire */ = {
			isa = XCSwiftPackageProductDependency;
			package = D0A4C6C12DED3BF800DC5560 /* XCRemoteSwiftPackageReference "Alamofire" */;
			productName = Alamofire;
		};
		D0F882212DF00675001F25F0 /* FirebaseAuth */ = {
			isa = XCSwiftPackageProductDependency;
			package = D0F882202DF00675001F25F0 /* XCRemoteSwiftPackageReference "firebase-ios-sdk" */;
			productName = FirebaseAuth;
		};
		D0F882232DF00675001F25F0 /* FirebaseCore */ = {
			isa = XCSwiftPackageProductDependency;
			package = D0F882202DF00675001F25F0 /* XCRemoteSwiftPackageReference "firebase-ios-sdk" */;
			productName = FirebaseCore;
		};
		D0F882252DF00675001F25F0 /* FirebaseFirestore */ = {
			isa = XCSwiftPackageProductDependency;
			package = D0F882202DF00675001F25F0 /* XCRemoteSwiftPackageReference "firebase-ios-sdk" */;
			productName = FirebaseFirestore;
		};
/* End XCSwiftPackageProductDependency section */
	};
	rootObject = D05C2EB22DECFAC20090FAD2 /* Project object */;
}
